
Microsoft Visual Studio Solution File, Format Version 12.00
# Visual Studio Version 17
VisualStudioVersion = 17.3.32804.467
MinimumVisualStudioVersion = 10.0.40219.1
Project("{9A19103F-16F7-4668-BE54-9A1E7A4F7556}") = "SuggestionApp.BusinessLogic", "SuggestionApp.BusinessLogic\SuggestionApp.BusinessLogic.csproj", "{DD1E2CE5-F530-487A-9A8E-FD8CFA405B08}"
EndProject
Project("{FAE04EC0-301F-11D3-BF4B-00C04F79EFBC}") = "SuggestionApp.WebApi", "SuggestionApp.WebApi\SuggestionApp.WebApi.csproj", "{97C28C10-0B65-4910-97A8-6F1406EF1BC0}"
EndProject
Project("{FAE04EC0-301F-11D3-BF4B-00C04F79EFBC}") = "SuggestionApp.DataAccess", "SuggestionApp.DataAccess\SuggestionApp.DataAccess.csproj", "{8678B3A7-75AF-4975-B849-B0A7E5BB702C}"
EndProject
Project("{FAE04EC0-301F-11D3-BF4B-00C04F79EFBC}") = "SuggestionApp.Utilities", "SuggestionApp.Utilities\SuggestionApp.Utilities.csproj", "{2D200585-1E80-429E-98C3-407F4B1C33EF}"
EndProject
Global
	GlobalSection(SolutionConfigurationPlatforms) = preSolution
		Debug|Any CPU = Debug|Any CPU
		Release|Any CPU = Release|Any CPU
	EndGlobalSection
	GlobalSection(ProjectConfigurationPlatforms) = postSolution
		{DD1E2CE5-F530-487A-9A8E-FD8CFA405B08}.Debug|Any CPU.ActiveCfg = Debug|Any CPU
		{DD1E2CE5-F530-487A-9A8E-FD8CFA405B08}.Debug|Any CPU.Build.0 = Debug|Any CPU
		{DD1E2CE5-F530-487A-9A8E-FD8CFA405B08}.Release|Any CPU.ActiveCfg = Release|Any CPU
		{DD1E2CE5-F530-487A-9A8E-FD8CFA405B08}.Release|Any CPU.Build.0 = Release|Any CPU
		{97C28C10-0B65-4910-97A8-6F1406EF1BC0}.Debug|Any CPU.ActiveCfg = Debug|Any CPU
		{97C28C10-0B65-4910-97A8-6F1406EF1BC0}.Debug|Any CPU.Build.0 = Debug|Any CPU
		{97C28C10-0B65-4910-97A8-6F1406EF1BC0}.Release|Any CPU.ActiveCfg = Release|Any CPU
		{97C28C10-0B65-4910-97A8-6F1406EF1BC0}.Release|Any CPU.Build.0 = Release|Any CPU
		{8678B3A7-75AF-4975-B849-B0A7E5BB702C}.Debug|Any CPU.ActiveCfg = Debug|Any CPU
		{8678B3A7-75AF-4975-B849-B0A7E5BB702C}.Debug|Any CPU.Build.0 = Debug|Any CPU
		{8678B3A7-75AF-4975-B849-B0A7E5BB702C}.Release|Any CPU.ActiveCfg = Release|Any CPU
		{8678B3A7-75AF-4975-B849-B0A7E5BB702C}.Release|Any CPU.Build.0 = Release|Any CPU
		{2D200585-1E80-429E-98C3-407F4B1C33EF}.Debug|Any CPU.ActiveCfg = Debug|Any CPU
		{2D200585-1E80-429E-98C3-407F4B1C33EF}.Debug|Any CPU.Build.0 = Debug|Any CPU
		{2D200585-1E80-429E-98C3-407F4B1C33EF}.Release|Any CPU.ActiveCfg = Release|Any CPU
		{2D200585-1E80-429E-98C3-407F4B1C33EF}.Release|Any CPU.Build.0 = Release|Any CPU
	EndGlobalSection
	GlobalSection(SolutionProperties) = preSolution
		HideSolutionNode = FALSE
	EndGlobalSection
	GlobalSection(ExtensibilityGlobals) = postSolution
		SolutionGuid = {CC0C922F-C876-45F0-B2B0-D2892C884EF0}
	EndGlobalSection
EndGlobal
